
Microsoft Visual Studio Solution File, Format Version 12.00
# Visual Studio 15
VisualStudioVersion = 15.0.27428.1
MinimumVisualStudioVersion = 10.0.40219.1
Project("{FAE04EC0-301F-11D3-BF4B-00C04F79EFBC}") = "DatingSiteCoreMVC", "DatingSiteCoreMVC\DatingSiteCoreMVC.csproj", "{F2386432-5066-4509-96C6-A7BC3A667275}"
EndProject
Global
	GlobalSection(SolutionConfigurationPlatforms) = preSolution
		Debug|Any CPU = Debug|Any CPU
		Release|Any CPU = Release|Any CPU
	EndGlobalSection
	GlobalSection(ProjectConfigurationPlatforms) = postSolution
		{F2386432-5066-4509-96C6-A7BC3A667275}.Debug|Any CPU.ActiveCfg = Debug|Any CPU
		{F2386432-5066-4509-96C6-A7BC3A667275}.Debug|Any CPU.Build.0 = Debug|Any CPU
		{F2386432-5066-4509-96C6-A7BC3A667275}.Release|Any CPU.ActiveCfg = Release|Any CPU
		{F2386432-5066-4509-96C6-A7BC3A667275}.Release|Any CPU.Build.0 = Release|Any CPU
	EndGlobalSection
	GlobalSection(SolutionProperties) = preSolution
		HideSolutionNode = FALSE
	EndGlobalSection
	GlobalSection(ExtensibilityGlobals) = postSolution
		SolutionGuid = {0EFCAE0B-1F16-4848-9F81-ED93748F452D}
	EndGlobalSection
EndGlobal
